
Microsoft Visual Studio Solution File, Format Version 12.00
# Visual Studio Version 17
VisualStudioVersion = 17.6.33723.286
MinimumVisualStudioVersion = 10.0.40219.1
Project("{FAE04EC0-301F-11D3-BF4B-00C04F79EFBC}") = "Robotic.Spider", "Robotic.Spider\Robotic.Spider.csproj", "{27850395-7F6A-4F71-9F82-A43E7BED4975}"
EndProject
Project("{FAE04EC0-301F-11D3-BF4B-00C04F79EFBC}") = "Robotic.Spider.Core", "Robotic.Spider.Core\Robotic.Spider.Core.csproj", "{AD5146BD-018E-443A-A928-3176317C3D8C}"
EndProject
Project("{FAE04EC0-301F-11D3-BF4B-00C04F79EFBC}") = "Robotic.Spider.Test", "Robotic.Spider.Test\Robotic.Spider.Test.csproj", "{77A6692F-9E36-444B-B1C6-227F2E753CA2}"
EndProject
Global
	GlobalSection(SolutionConfigurationPlatforms) = preSolution
		Debug|Any CPU = Debug|Any CPU
		Release|Any CPU = Release|Any CPU
	EndGlobalSection
	GlobalSection(ProjectConfigurationPlatforms) = postSolution
		{27850395-7F6A-4F71-9F82-A43E7BED4975}.Debug|Any CPU.ActiveCfg = Debug|Any CPU
		{27850395-7F6A-4F71-9F82-A43E7BED4975}.Debug|Any CPU.Build.0 = Debug|Any CPU
		{27850395-7F6A-4F71-9F82-A43E7BED4975}.Release|Any CPU.ActiveCfg = Release|Any CPU
		{27850395-7F6A-4F71-9F82-A43E7BED4975}.Release|Any CPU.Build.0 = Release|Any CPU
		{AD5146BD-018E-443A-A928-3176317C3D8C}.Debug|Any CPU.ActiveCfg = Debug|Any CPU
		{AD5146BD-018E-443A-A928-3176317C3D8C}.Debug|Any CPU.Build.0 = Debug|Any CPU
		{AD5146BD-018E-443A-A928-3176317C3D8C}.Release|Any CPU.ActiveCfg = Release|Any CPU
		{AD5146BD-018E-443A-A928-3176317C3D8C}.Release|Any CPU.Build.0 = Release|Any CPU
		{77A6692F-9E36-444B-B1C6-227F2E753CA2}.Debug|Any CPU.ActiveCfg = Debug|Any CPU
		{77A6692F-9E36-444B-B1C6-227F2E753CA2}.Debug|Any CPU.Build.0 = Debug|Any CPU
		{77A6692F-9E36-444B-B1C6-227F2E753CA2}.Release|Any CPU.ActiveCfg = Release|Any CPU
		{77A6692F-9E36-444B-B1C6-227F2E753CA2}.Release|Any CPU.Build.0 = Release|Any CPU
	EndGlobalSection
	GlobalSection(SolutionProperties) = preSolution
		HideSolutionNode = FALSE
	EndGlobalSection
	GlobalSection(ExtensibilityGlobals) = postSolution
		SolutionGuid = {02263E71-E894-4A50-B5F1-F5B60E9D03B3}
	EndGlobalSection
EndGlobal
